// !$*UTF8*$!
{
	archiveVersion = 1;
	classes = {
	};
	objectVersion = 51;
	objects = {

/* Begin PBXBuildFile section */
		DC478EAF258B8B7F008A2D13 /* AppDelegate.swift in Sources */ = {isa = PBXBuildFile; fileRef = DC478EAE258B8B7F008A2D13 /* AppDelegate.swift */; };
		DC478EB6258B8B7F008A2D13 /* Main.storyboard in Resources */ = {isa = PBXBuildFile; fileRef = DC478EB4258B8B7F008A2D13 /* Main.storyboard */; };
		DC478EB8258B8B80008A2D13 /* Assets.xcassets in Resources */ = {isa = PBXBuildFile; fileRef = DC478EB7258B8B80008A2D13 /* Assets.xcassets */; };
		DC478EBB258B8B80008A2D13 /* LaunchScreen.storyboard in Resources */ = {isa = PBXBuildFile; fileRef = DC478EB9258B8B80008A2D13 /* LaunchScreen.storyboard */; };
		DC478EC6258B8B80008A2D13 /* MomSitterWorkTests.swift in Sources */ = {isa = PBXBuildFile; fileRef = DC478EC5258B8B80008A2D13 /* MomSitterWorkTests.swift */; };
		DC478ED1258B8B80008A2D13 /* MomSitterWorkUITests.swift in Sources */ = {isa = PBXBuildFile; fileRef = DC478ED0258B8B80008A2D13 /* MomSitterWorkUITests.swift */; };
		DC478EE5258B8C44008A2D13 /* APISearchUserViewController.swift in Sources */ = {isa = PBXBuildFile; fileRef = DC478EE4258B8C44008A2D13 /* APISearchUserViewController.swift */; };
		DC478EE7258B8C54008A2D13 /* LocalSearchViewController.swift in Sources */ = {isa = PBXBuildFile; fileRef = DC478EE6258B8C54008A2D13 /* LocalSearchViewController.swift */; };
		DC478EE9258B8C61008A2D13 /* MainViewController.swift in Sources */ = {isa = PBXBuildFile; fileRef = DC478EE8258B8C61008A2D13 /* MainViewController.swift */; };
		DC478EEB258B9755008A2D13 /* TabbarView.swift in Sources */ = {isa = PBXBuildFile; fileRef = DC478EEA258B9755008A2D13 /* TabbarView.swift */; };
		DC478EF1258B9965008A2D13 /* TabbarItemBaseCell.swift in Sources */ = {isa = PBXBuildFile; fileRef = DC478EF0258B9965008A2D13 /* TabbarItemBaseCell.swift */; };
		DC478EF8258B9C7E008A2D13 /* TabbarModel.swift in Sources */ = {isa = PBXBuildFile; fileRef = DC478EF7258B9C7E008A2D13 /* TabbarModel.swift */; };
		DC478EFA258BA17B008A2D13 /* SearchTabbarItemCell.swift in Sources */ = {isa = PBXBuildFile; fileRef = DC478EF9258BA17B008A2D13 /* SearchTabbarItemCell.swift */; };
		DC478EFC258BA196008A2D13 /* SearchTabbarItemCell.xib in Resources */ = {isa = PBXBuildFile; fileRef = DC478EFB258BA196008A2D13 /* SearchTabbarItemCell.xib */; };
		DC478EFE258BA535008A2D13 /* SearchPageViewController.swift in Sources */ = {isa = PBXBuildFile; fileRef = DC478EFD258BA535008A2D13 /* SearchPageViewController.swift */; };
		DC486926258D91C700817FBD /* ViewModelBindable.swift in Sources */ = {isa = PBXBuildFile; fileRef = DC486925258D91C600817FBD /* ViewModelBindable.swift */; };
		DC486928258D924300817FBD /* APISearchViewModel.swift in Sources */ = {isa = PBXBuildFile; fileRef = DC486927258D924300817FBD /* APISearchViewModel.swift */; };
		DC48692E258D99D300817FBD /* LocalSearchUserStorage.swift in Sources */ = {isa = PBXBuildFile; fileRef = DC48692D258D99D300817FBD /* LocalSearchUserStorage.swift */; };
		DC486934258DB76F00817FBD /* SearchUserLocalModel.swift in Sources */ = {isa = PBXBuildFile; fileRef = DC486933258DB76F00817FBD /* SearchUserLocalModel.swift */; };
		DC486937258E141A00817FBD /* HangulStringDecomposition.swift in Sources */ = {isa = PBXBuildFile; fileRef = DC486936258E141A00817FBD /* HangulStringDecomposition.swift */; };
		DC486939258E4D2400817FBD /* APIRequestPagingInfo.swift in Sources */ = {isa = PBXBuildFile; fileRef = DC486938258E4D2400817FBD /* APIRequestPagingInfo.swift */; };
		DC4BBC6C258CEFA2007EFB7B /* APIService.swift in Sources */ = {isa = PBXBuildFile; fileRef = DC4BBC6B258CEFA2007EFB7B /* APIService.swift */; };
		DC4BBC70258CF200007EFB7B /* UserSearchAPI.swift in Sources */ = {isa = PBXBuildFile; fileRef = DC4BBC6F258CF200007EFB7B /* UserSearchAPI.swift */; };
		DC4BBC75258CF218007EFB7B /* UserSearchHeaderView.xib in Resources */ = {isa = PBXBuildFile; fileRef = DC4BBC71258CF216007EFB7B /* UserSearchHeaderView.xib */; };
		DC4BBC76258CF218007EFB7B /* GitHubUserTableViewCell.swift in Sources */ = {isa = PBXBuildFile; fileRef = DC4BBC72258CF216007EFB7B /* GitHubUserTableViewCell.swift */; };
		DC4BBC77258CF218007EFB7B /* GitHubUserTableViewCell.xib in Resources */ = {isa = PBXBuildFile; fileRef = DC4BBC73258CF217007EFB7B /* GitHubUserTableViewCell.xib */; };
		DC4BBC78258CF218007EFB7B /* UserSearchHeaderView.swift in Sources */ = {isa = PBXBuildFile; fileRef = DC4BBC74258CF218007EFB7B /* UserSearchHeaderView.swift */; };
		DC4BBC7C258CFB63007EFB7B /* SearchUserModel.swift in Sources */ = {isa = PBXBuildFile; fileRef = DC4BBC7B258CFB63007EFB7B /* SearchUserModel.swift */; };
		DC4BBC7F258CFE86007EFB7B /* APISearchUserStorage.swift in Sources */ = {isa = PBXBuildFile; fileRef = DC4BBC7E258CFE86007EFB7B /* APISearchUserStorage.swift */; };
		DF984F96F10C74465EE7E920 /* Pods_MomSitterWork.framework in Frameworks */ = {isa = PBXBuildFile; fileRef = 96B61ED36AEF864D9773AF3D /* Pods_MomSitterWork.framework */; };
/* End PBXBuildFile section */

/* Begin PBXContainerItemProxy section */
		DC478EC2258B8B80008A2D13 /* PBXContainerItemProxy */ = {
			isa = PBXContainerItemProxy;
			containerPortal = DC478EA3258B8B7F008A2D13 /* Project object */;
			proxyType = 1;
			remoteGlobalIDString = DC478EAA258B8B7F008A2D13;
			remoteInfo = MomSitterWork;
		};
		DC478ECD258B8B80008A2D13 /* PBXContainerItemProxy */ = {
			isa = PBXContainerItemProxy;
			containerPortal = DC478EA3258B8B7F008A2D13 /* Project object */;
			proxyType = 1;
			remoteGlobalIDString = DC478EAA258B8B7F008A2D13;
			remoteInfo = MomSitterWork;
		};
/* End PBXContainerItemProxy section */

/* Begin PBXFileReference section */
		4F4422877B47D66C9EAC554F /* Pods-MomSitterWork.release.xcconfig */ = {isa = PBXFileReference; includeInIndex = 1; lastKnownFileType = text.xcconfig; name = "Pods-MomSitterWork.release.xcconfig"; path = "Target Support Files/Pods-MomSitterWork/Pods-MomSitterWork.release.xcconfig"; sourceTree = "<group>"; };
		96B61ED36AEF864D9773AF3D /* Pods_MomSitterWork.framework */ = {isa = PBXFileReference; explicitFileType = wrapper.framework; includeInIndex = 0; path = Pods_MomSitterWork.framework; sourceTree = BUILT_PRODUCTS_DIR; };
		C8693DEB6FDF4E1C07250AE5 /* Pods-MomSitterWork.debug.xcconfig */ = {isa = PBXFileReference; includeInIndex = 1; lastKnownFileType = text.xcconfig; name = "Pods-MomSitterWork.debug.xcconfig"; path = "Target Support Files/Pods-MomSitterWork/Pods-MomSitterWork.debug.xcconfig"; sourceTree = "<group>"; };
		DC478EAB258B8B7F008A2D13 /* MomSitterWork.app */ = {isa = PBXFileReference; explicitFileType = wrapper.application; includeInIndex = 0; path = MomSitterWork.app; sourceTree = BUILT_PRODUCTS_DIR; };
		DC478EAE258B8B7F008A2D13 /* AppDelegate.swift */ = {isa = PBXFileReference; lastKnownFileType = sourcecode.swift; path = AppDelegate.swift; sourceTree = "<group>"; };
		DC478EB5258B8B7F008A2D13 /* Base */ = {isa = PBXFileReference; lastKnownFileType = file.storyboard; name = Base; path = Base.lproj/Main.storyboard; sourceTree = "<group>"; };
		DC478EB7258B8B80008A2D13 /* Assets.xcassets */ = {isa = PBXFileReference; lastKnownFileType = folder.assetcatalog; path = Assets.xcassets; sourceTree = "<group>"; };
		DC478EBA258B8B80008A2D13 /* Base */ = {isa = PBXFileReference; lastKnownFileType = file.storyboard; name = Base; path = Base.lproj/LaunchScreen.storyboard; sourceTree = "<group>"; };
		DC478EBC258B8B80008A2D13 /* Info.plist */ = {isa = PBXFileReference; lastKnownFileType = text.plist.xml; path = Info.plist; sourceTree = "<group>"; };
		DC478EC1258B8B80008A2D13 /* MomSitterWorkTests.xctest */ = {isa = PBXFileReference; explicitFileType = wrapper.cfbundle; includeInIndex = 0; path = MomSitterWorkTests.xctest; sourceTree = BUILT_PRODUCTS_DIR; };
		DC478EC5258B8B80008A2D13 /* MomSitterWorkTests.swift */ = {isa = PBXFileReference; lastKnownFileType = sourcecode.swift; path = MomSitterWorkTests.swift; sourceTree = "<group>"; };
		DC478EC7258B8B80008A2D13 /* Info.plist */ = {isa = PBXFileReference; lastKnownFileType = text.plist.xml; path = Info.plist; sourceTree = "<group>"; };
		DC478ECC258B8B80008A2D13 /* MomSitterWorkUITests.xctest */ = {isa = PBXFileReference; explicitFileType = wrapper.cfbundle; includeInIndex = 0; path = MomSitterWorkUITests.xctest; sourceTree = BUILT_PRODUCTS_DIR; };
		DC478ED0258B8B80008A2D13 /* MomSitterWorkUITests.swift */ = {isa = PBXFileReference; lastKnownFileType = sourcecode.swift; path = MomSitterWorkUITests.swift; sourceTree = "<group>"; };
		DC478ED2258B8B80008A2D13 /* Info.plist */ = {isa = PBXFileReference; lastKnownFileType = text.plist.xml; path = Info.plist; sourceTree = "<group>"; };
		DC478EE4258B8C44008A2D13 /* APISearchUserViewController.swift */ = {isa = PBXFileReference; lastKnownFileType = sourcecode.swift; path = APISearchUserViewController.swift; sourceTree = "<group>"; };
		DC478EE6258B8C54008A2D13 /* LocalSearchViewController.swift */ = {isa = PBXFileReference; lastKnownFileType = sourcecode.swift; path = LocalSearchViewController.swift; sourceTree = "<group>"; };
		DC478EE8258B8C61008A2D13 /* MainViewController.swift */ = {isa = PBXFileReference; lastKnownFileType = sourcecode.swift; path = MainViewController.swift; sourceTree = "<group>"; };
		DC478EEA258B9755008A2D13 /* TabbarView.swift */ = {isa = PBXFileReference; lastKnownFileType = sourcecode.swift; path = TabbarView.swift; sourceTree = "<group>"; };
		DC478EF0258B9965008A2D13 /* TabbarItemBaseCell.swift */ = {isa = PBXFileReference; lastKnownFileType = sourcecode.swift; path = TabbarItemBaseCell.swift; sourceTree = "<group>"; };
		DC478EF7258B9C7E008A2D13 /* TabbarModel.swift */ = {isa = PBXFileReference; lastKnownFileType = sourcecode.swift; path = TabbarModel.swift; sourceTree = "<group>"; };
		DC478EF9258BA17B008A2D13 /* SearchTabbarItemCell.swift */ = {isa = PBXFileReference; lastKnownFileType = sourcecode.swift; path = SearchTabbarItemCell.swift; sourceTree = "<group>"; };
		DC478EFB258BA196008A2D13 /* SearchTabbarItemCell.xib */ = {isa = PBXFileReference; lastKnownFileType = file.xib; path = SearchTabbarItemCell.xib; sourceTree = "<group>"; };
		DC478EFD258BA535008A2D13 /* SearchPageViewController.swift */ = {isa = PBXFileReference; lastKnownFileType = sourcecode.swift; path = SearchPageViewController.swift; sourceTree = "<group>"; };
		DC486925258D91C600817FBD /* ViewModelBindable.swift */ = {isa = PBXFileReference; lastKnownFileType = sourcecode.swift; path = ViewModelBindable.swift; sourceTree = "<group>"; };
		DC486927258D924300817FBD /* APISearchViewModel.swift */ = {isa = PBXFileReference; lastKnownFileType = sourcecode.swift; path = APISearchViewModel.swift; sourceTree = "<group>"; };
		DC48692D258D99D300817FBD /* LocalSearchUserStorage.swift */ = {isa = PBXFileReference; lastKnownFileType = sourcecode.swift; path = LocalSearchUserStorage.swift; sourceTree = "<group>"; };
		DC486933258DB76F00817FBD /* SearchUserLocalModel.swift */ = {isa = PBXFileReference; lastKnownFileType = sourcecode.swift; path = SearchUserLocalModel.swift; sourceTree = "<group>"; };
		DC486936258E141A00817FBD /* HangulStringDecomposition.swift */ = {isa = PBXFileReference; lastKnownFileType = sourcecode.swift; path = HangulStringDecomposition.swift; sourceTree = "<group>"; };
		DC486938258E4D2400817FBD /* APIRequestPagingInfo.swift */ = {isa = PBXFileReference; lastKnownFileType = sourcecode.swift; path = APIRequestPagingInfo.swift; sourceTree = "<group>"; };
		DC4BBC6B258CEFA2007EFB7B /* APIService.swift */ = {isa = PBXFileReference; fileEncoding = 4; lastKnownFileType = sourcecode.swift; path = APIService.swift; sourceTree = "<group>"; };
		DC4BBC6F258CF200007EFB7B /* UserSearchAPI.swift */ = {isa = PBXFileReference; fileEncoding = 4; lastKnownFileType = sourcecode.swift; path = UserSearchAPI.swift; sourceTree = "<group>"; };
		DC4BBC71258CF216007EFB7B /* UserSearchHeaderView.xib */ = {isa = PBXFileReference; fileEncoding = 4; lastKnownFileType = file.xib; path = UserSearchHeaderView.xib; sourceTree = "<group>"; };
		DC4BBC72258CF216007EFB7B /* GitHubUserTableViewCell.swift */ = {isa = PBXFileReference; fileEncoding = 4; lastKnownFileType = sourcecode.swift; path = GitHubUserTableViewCell.swift; sourceTree = "<group>"; };
		DC4BBC73258CF217007EFB7B /* GitHubUserTableViewCell.xib */ = {isa = PBXFileReference; fileEncoding = 4; lastKnownFileType = file.xib; path = GitHubUserTableViewCell.xib; sourceTree = "<group>"; };
		DC4BBC74258CF218007EFB7B /* UserSearchHeaderView.swift */ = {isa = PBXFileReference; fileEncoding = 4; lastKnownFileType = sourcecode.swift; path = UserSearchHeaderView.swift; sourceTree = "<group>"; };
		DC4BBC7B258CFB63007EFB7B /* SearchUserModel.swift */ = {isa = PBXFileReference; fileEncoding = 4; lastKnownFileType = sourcecode.swift; path = SearchUserModel.swift; sourceTree = "<group>"; };
		DC4BBC7E258CFE86007EFB7B /* APISearchUserStorage.swift */ = {isa = PBXFileReference; lastKnownFileType = sourcecode.swift; path = APISearchUserStorage.swift; sourceTree = "<group>"; };
/* End PBXFileReference section */

/* Begin PBXFrameworksBuildPhase section */
		DC478EA8258B8B7F008A2D13 /* Frameworks */ = {
			isa = PBXFrameworksBuildPhase;
			buildActionMask = 2147483647;
			files = (
				DF984F96F10C74465EE7E920 /* Pods_MomSitterWork.framework in Frameworks */,
			);
			runOnlyForDeploymentPostprocessing = 0;
		};
		DC478EBE258B8B80008A2D13 /* Frameworks */ = {
			isa = PBXFrameworksBuildPhase;
			buildActionMask = 2147483647;
			files = (
			);
			runOnlyForDeploymentPostprocessing = 0;
		};
		DC478EC9258B8B80008A2D13 /* Frameworks */ = {
			isa = PBXFrameworksBuildPhase;
			buildActionMask = 2147483647;
			files = (
			);
			runOnlyForDeploymentPostprocessing = 0;
		};
/* End PBXFrameworksBuildPhase section */

/* Begin PBXGroup section */
		99E340861D747767CD055C98 /* Pods */ = {
			isa = PBXGroup;
			children = (
				C8693DEB6FDF4E1C07250AE5 /* Pods-MomSitterWork.debug.xcconfig */,
				4F4422877B47D66C9EAC554F /* Pods-MomSitterWork.release.xcconfig */,
			);
			path = Pods;
			sourceTree = "<group>";
		};
		DC478EA2258B8B7F008A2D13 = {
			isa = PBXGroup;
			children = (
				DC478EAD258B8B7F008A2D13 /* MomSitterWork */,
				DC478EC4258B8B80008A2D13 /* MomSitterWorkTests */,
				DC478ECF258B8B80008A2D13 /* MomSitterWorkUITests */,
				DC478EAC258B8B7F008A2D13 /* Products */,
				99E340861D747767CD055C98 /* Pods */,
				F430C5E33E3CBE5B471964D0 /* Frameworks */,
			);
			sourceTree = "<group>";
		};
		DC478EAC258B8B7F008A2D13 /* Products */ = {
			isa = PBXGroup;
			children = (
				DC478EAB258B8B7F008A2D13 /* MomSitterWork.app */,
				DC478EC1258B8B80008A2D13 /* MomSitterWorkTests.xctest */,
				DC478ECC258B8B80008A2D13 /* MomSitterWorkUITests.xctest */,
			);
			name = Products;
			sourceTree = "<group>";
		};
		DC478EAD258B8B7F008A2D13 /* MomSitterWork */ = {
			isa = PBXGroup;
			children = (
				DC478EDE258B8BBD008A2D13 /* Classes */,
				DC478EAE258B8B7F008A2D13 /* AppDelegate.swift */,
				DC478EB4258B8B7F008A2D13 /* Main.storyboard */,
				DC478EB7258B8B80008A2D13 /* Assets.xcassets */,
				DC478EB9258B8B80008A2D13 /* LaunchScreen.storyboard */,
				DC478EBC258B8B80008A2D13 /* Info.plist */,
			);
			path = MomSitterWork;
			sourceTree = "<group>";
		};
		DC478EC4258B8B80008A2D13 /* MomSitterWorkTests */ = {
			isa = PBXGroup;
			children = (
				DC478EC5258B8B80008A2D13 /* MomSitterWorkTests.swift */,
				DC478EC7258B8B80008A2D13 /* Info.plist */,
			);
			path = MomSitterWorkTests;
			sourceTree = "<group>";
		};
		DC478ECF258B8B80008A2D13 /* MomSitterWorkUITests */ = {
			isa = PBXGroup;
			children = (
				DC478ED0258B8B80008A2D13 /* MomSitterWorkUITests.swift */,
				DC478ED2258B8B80008A2D13 /* Info.plist */,
			);
			path = MomSitterWorkUITests;
			sourceTree = "<group>";
		};
		DC478EDE258B8BBD008A2D13 /* Classes */ = {
			isa = PBXGroup;
			children = (
				DC486935258E13C000817FBD /* Util */,
				DC4BBC7D258CFE76007EFB7B /* Storage */,
				DC478EF6258B9C63008A2D13 /* Model */,
				DC478EE1258B8BD5008A2D13 /* UI */,
				DC478EE0258B8BCC008A2D13 /* Service */,
				DC478EDF258B8BC6008A2D13 /* ViewModel */,
			);
			path = Classes;
			sourceTree = "<group>";
		};
		DC478EDF258B8BC6008A2D13 /* ViewModel */ = {
			isa = PBXGroup;
			children = (
				DC486925258D91C600817FBD /* ViewModelBindable.swift */,
				DC486927258D924300817FBD /* APISearchViewModel.swift */,
			);
			path = ViewModel;
			sourceTree = "<group>";
		};
		DC478EE0258B8BCC008A2D13 /* Service */ = {
			isa = PBXGroup;
			children = (
				DC4BBC6A258CEF93007EFB7B /* API */,
			);
			path = Service;
			sourceTree = "<group>";
		};
		DC478EE1258B8BD5008A2D13 /* UI */ = {
			isa = PBXGroup;
			children = (
				DC478EE3258B8BE6008A2D13 /* View */,
				DC478EE2258B8BDF008A2D13 /* ViewController */,
			);
			path = UI;
			sourceTree = "<group>";
		};
		DC478EE2258B8BDF008A2D13 /* ViewController */ = {
			isa = PBXGroup;
			children = (
				DC478EE4258B8C44008A2D13 /* APISearchUserViewController.swift */,
				DC478EE6258B8C54008A2D13 /* LocalSearchViewController.swift */,
				DC478EE8258B8C61008A2D13 /* MainViewController.swift */,
				DC478EFD258BA535008A2D13 /* SearchPageViewController.swift */,
			);
			path = ViewController;
			sourceTree = "<group>";
		};
		DC478EE3258B8BE6008A2D13 /* View */ = {
			isa = PBXGroup;
			children = (
				DC4BBC72258CF216007EFB7B /* GitHubUserTableViewCell.swift */,
				DC4BBC73258CF217007EFB7B /* GitHubUserTableViewCell.xib */,
				DC4BBC74258CF218007EFB7B /* UserSearchHeaderView.swift */,
				DC4BBC71258CF216007EFB7B /* UserSearchHeaderView.xib */,
				DC478EEA258B9755008A2D13 /* TabbarView.swift */,
				DC478EF0258B9965008A2D13 /* TabbarItemBaseCell.swift */,
				DC478EF9258BA17B008A2D13 /* SearchTabbarItemCell.swift */,
				DC478EFB258BA196008A2D13 /* SearchTabbarItemCell.xib */,
			);
			path = View;
			sourceTree = "<group>";
		};
		DC478EF6258B9C63008A2D13 /* Model */ = {
			isa = PBXGroup;
			children = (
				DC4BBC7B258CFB63007EFB7B /* SearchUserModel.swift */,
				DC478EF7258B9C7E008A2D13 /* TabbarModel.swift */,
				DC486933258DB76F00817FBD /* SearchUserLocalModel.swift */,
			);
			path = Model;
			sourceTree = "<group>";
		};
		DC486935258E13C000817FBD /* Util */ = {
			isa = PBXGroup;
			children = (
				DC486936258E141A00817FBD /* HangulStringDecomposition.swift */,
			);
			path = Util;
			sourceTree = "<group>";
		};
		DC4BBC6A258CEF93007EFB7B /* API */ = {
			isa = PBXGroup;
			children = (
				DC4BBC6F258CF200007EFB7B /* UserSearchAPI.swift */,
				DC4BBC6B258CEFA2007EFB7B /* APIService.swift */,
			);
			path = API;
			sourceTree = "<group>";
		};
		DC4BBC7D258CFE76007EFB7B /* Storage */ = {
			isa = PBXGroup;
			children = (
				DC4BBC7E258CFE86007EFB7B /* APISearchUserStorage.swift */,
				DC48692D258D99D300817FBD /* LocalSearchUserStorage.swift */,
				DC486938258E4D2400817FBD /* APIRequestPagingInfo.swift */,
			);
			path = Storage;
			sourceTree = "<group>";
		};
		F430C5E33E3CBE5B471964D0 /* Frameworks */ = {
			isa = PBXGroup;
			children = (
				96B61ED36AEF864D9773AF3D /* Pods_MomSitterWork.framework */,
			);
			name = Frameworks;
			sourceTree = "<group>";
		};
/* End PBXGroup section */

/* Begin PBXNativeTarget section */
		DC478EAA258B8B7F008A2D13 /* MomSitterWork */ = {
			isa = PBXNativeTarget;
			buildConfigurationList = DC478ED5258B8B80008A2D13 /* Build configuration list for PBXNativeTarget "MomSitterWork" */;
			buildPhases = (
				41B288D6C12DC188AED67248 /* [CP] Check Pods Manifest.lock */,
				DC478EA7258B8B7F008A2D13 /* Sources */,
				DC478EA8258B8B7F008A2D13 /* Frameworks */,
				DC478EA9258B8B7F008A2D13 /* Resources */,
				9F3CBE7076705F2767F7EC13 /* [CP] Embed Pods Frameworks */,
			);
			buildRules = (
			);
			dependencies = (
			);
			name = MomSitterWork;
			productName = MomSitterWork;
			productReference = DC478EAB258B8B7F008A2D13 /* MomSitterWork.app */;
			productType = "com.apple.product-type.application";
		};
		DC478EC0258B8B80008A2D13 /* MomSitterWorkTests */ = {
			isa = PBXNativeTarget;
			buildConfigurationList = DC478ED8258B8B80008A2D13 /* Build configuration list for PBXNativeTarget "MomSitterWorkTests" */;
			buildPhases = (
				DC478EBD258B8B80008A2D13 /* Sources */,
				DC478EBE258B8B80008A2D13 /* Frameworks */,
				DC478EBF258B8B80008A2D13 /* Resources */,
			);
			buildRules = (
			);
			dependencies = (
				DC478EC3258B8B80008A2D13 /* PBXTargetDependency */,
			);
			name = MomSitterWorkTests;
			productName = MomSitterWorkTests;
			productReference = DC478EC1258B8B80008A2D13 /* MomSitterWorkTests.xctest */;
			productType = "com.apple.product-type.bundle.unit-test";
		};
		DC478ECB258B8B80008A2D13 /* MomSitterWorkUITests */ = {
			isa = PBXNativeTarget;
			buildConfigurationList = DC478EDB258B8B80008A2D13 /* Build configuration list for PBXNativeTarget "MomSitterWorkUITests" */;
			buildPhases = (
				DC478EC8258B8B80008A2D13 /* Sources */,
				DC478EC9258B8B80008A2D13 /* Frameworks */,
				DC478ECA258B8B80008A2D13 /* Resources */,
			);
			buildRules = (
			);
			dependencies = (
				DC478ECE258B8B80008A2D13 /* PBXTargetDependency */,
			);
			name = MomSitterWorkUITests;
			productName = MomSitterWorkUITests;
			productReference = DC478ECC258B8B80008A2D13 /* MomSitterWorkUITests.xctest */;
			productType = "com.apple.product-type.bundle.ui-testing";
		};
/* End PBXNativeTarget section */

/* Begin PBXProject section */
		DC478EA3258B8B7F008A2D13 /* Project object */ = {
			isa = PBXProject;
			attributes = {
				LastSwiftUpdateCheck = 1160;
				LastUpgradeCheck = 1160;
				ORGANIZATIONNAME = "Dong-Eon Kim";
				TargetAttributes = {
					DC478EAA258B8B7F008A2D13 = {
						CreatedOnToolsVersion = 11.6;
					};
					DC478EC0258B8B80008A2D13 = {
						CreatedOnToolsVersion = 11.6;
						TestTargetID = DC478EAA258B8B7F008A2D13;
					};
					DC478ECB258B8B80008A2D13 = {
						CreatedOnToolsVersion = 11.6;
						TestTargetID = DC478EAA258B8B7F008A2D13;
					};
				};
			};
			buildConfigurationList = DC478EA6258B8B7F008A2D13 /* Build configuration list for PBXProject "MomSitterWork" */;
			compatibilityVersion = "Xcode 9.3";
			developmentRegion = en;
			hasScannedForEncodings = 0;
			knownRegions = (
				en,
				Base,
			);
			mainGroup = DC478EA2258B8B7F008A2D13;
			productRefGroup = DC478EAC258B8B7F008A2D13 /* Products */;
			projectDirPath = "";
			projectRoot = "";
			targets = (
				DC478EAA258B8B7F008A2D13 /* MomSitterWork */,
				DC478EC0258B8B80008A2D13 /* MomSitterWorkTests */,
				DC478ECB258B8B80008A2D13 /* MomSitterWorkUITests */,
			);
		};
/* End PBXProject section */

/* Begin PBXResourcesBuildPhase section */
		DC478EA9258B8B7F008A2D13 /* Resources */ = {
			isa = PBXResourcesBuildPhase;
			buildActionMask = 2147483647;
			files = (
				DC478EBB258B8B80008A2D13 /* LaunchScreen.storyboard in Resources */,
				DC478EB8258B8B80008A2D13 /* Assets.xcassets in Resources */,
				DC4BBC75258CF218007EFB7B /* UserSearchHeaderView.xib in Resources */,
				DC4BBC77258CF218007EFB7B /* GitHubUserTableViewCell.xib in Resources */,
				DC478EFC258BA196008A2D13 /* SearchTabbarItemCell.xib in Resources */,
				DC478EB6258B8B7F008A2D13 /* Main.storyboard in Resources */,
			);
			runOnlyForDeploymentPostprocessing = 0;
		};
		DC478EBF258B8B80008A2D13 /* Resources */ = {
			isa = PBXResourcesBuildPhase;
			buildActionMask = 2147483647;
			files = (
			);
			runOnlyForDeploymentPostprocessing = 0;
		};
		DC478ECA258B8B80008A2D13 /* Resources */ = {
			isa = PBXResourcesBuildPhase;
			buildActionMask = 2147483647;
			files = (
			);
			runOnlyForDeploymentPostprocessing = 0;
		};
/* End PBXResourcesBuildPhase section */

/* Begin PBXShellScriptBuildPhase section */
		41B288D6C12DC188AED67248 /* [CP] Check Pods Manifest.lock */ = {
			isa = PBXShellScriptBuildPhase;
			buildActionMask = 2147483647;
			files = (
			);
			inputFileListPaths = (
			);
			inputPaths = (
				"${PODS_PODFILE_DIR_PATH}/Podfile.lock",
				"${PODS_ROOT}/Manifest.lock",
			);
			name = "[CP] Check Pods Manifest.lock";
			outputFileListPaths = (
			);
			outputPaths = (
				"$(DERIVED_FILE_DIR)/Pods-MomSitterWork-checkManifestLockResult.txt",
			);
			runOnlyForDeploymentPostprocessing = 0;
			shellPath = /bin/sh;
			shellScript = "diff \"${PODS_PODFILE_DIR_PATH}/Podfile.lock\" \"${PODS_ROOT}/Manifest.lock\" > /dev/null\nif [ $? != 0 ] ; then\n    # print error to STDERR\n    echo \"error: The sandbox is not in sync with the Podfile.lock. Run 'pod install' or update your CocoaPods installation.\" >&2\n    exit 1\nfi\n# This output is used by Xcode 'outputs' to avoid re-running this script phase.\necho \"SUCCESS\" > \"${SCRIPT_OUTPUT_FILE_0}\"\n";
			showEnvVarsInLog = 0;
		};
		9F3CBE7076705F2767F7EC13 /* [CP] Embed Pods Frameworks */ = {
			isa = PBXShellScriptBuildPhase;
			buildActionMask = 2147483647;
			files = (
			);
			inputFileListPaths = (
				"${PODS_ROOT}/Target Support Files/Pods-MomSitterWork/Pods-MomSitterWork-frameworks-${CONFIGURATION}-input-files.xcfilelist",
			);
			name = "[CP] Embed Pods Frameworks";
			outputFileListPaths = (
				"${PODS_ROOT}/Target Support Files/Pods-MomSitterWork/Pods-MomSitterWork-frameworks-${CONFIGURATION}-output-files.xcfilelist",
			);
			runOnlyForDeploymentPostprocessing = 0;
			shellPath = /bin/sh;
			shellScript = "\"${PODS_ROOT}/Target Support Files/Pods-MomSitterWork/Pods-MomSitterWork-frameworks.sh\"\n";
			showEnvVarsInLog = 0;
		};
/* End PBXShellScriptBuildPhase section */

/* Begin PBXSourcesBuildPhase section */
		DC478EA7258B8B7F008A2D13 /* Sources */ = {
			isa = PBXSourcesBuildPhase;
			buildActionMask = 2147483647;
			files = (
				DC486939258E4D2400817FBD /* APIRequestPagingInfo.swift in Sources */,
				DC4BBC7C258CFB63007EFB7B /* SearchUserModel.swift in Sources */,
				DC478EEB258B9755008A2D13 /* TabbarView.swift in Sources */,
				DC486928258D924300817FBD /* APISearchViewModel.swift in Sources */,
				DC478EFE258BA535008A2D13 /* SearchPageViewController.swift in Sources */,
				DC486926258D91C700817FBD /* ViewModelBindable.swift in Sources */,
				DC4BBC70258CF200007EFB7B /* UserSearchAPI.swift in Sources */,
				DC4BBC78258CF218007EFB7B /* UserSearchHeaderView.swift in Sources */,
				DC4BBC76258CF218007EFB7B /* GitHubUserTableViewCell.swift in Sources */,
				DC478EF1258B9965008A2D13 /* TabbarItemBaseCell.swift in Sources */,
				DC486937258E141A00817FBD /* HangulStringDecomposition.swift in Sources */,
				DC4BBC6C258CEFA2007EFB7B /* APIService.swift in Sources */,
				DC4BBC7F258CFE86007EFB7B /* APISearchUserStorage.swift in Sources */,
				DC478EFA258BA17B008A2D13 /* SearchTabbarItemCell.swift in Sources */,
				DC478EF8258B9C7E008A2D13 /* TabbarModel.swift in Sources */,
				DC478EE5258B8C44008A2D13 /* APISearchUserViewController.swift in Sources */,
				DC48692E258D99D300817FBD /* LocalSearchUserStorage.swift in Sources */,
				DC478EE7258B8C54008A2D13 /* LocalSearchViewController.swift in Sources */,
				DC478EAF258B8B7F008A2D13 /* AppDelegate.swift in Sources */,
				DC486934258DB76F00817FBD /* SearchUserLocalModel.swift in Sources */,
				DC478EE9258B8C61008A2D13 /* MainViewController.swift in Sources */,
			);
			runOnlyForDeploymentPostprocessing = 0;
		};
		DC478EBD258B8B80008A2D13 /* Sources */ = {
			isa = PBXSourcesBuildPhase;
			buildActionMask = 2147483647;
			files = (
				DC478EC6258B8B80008A2D13 /* MomSitterWorkTests.swift in Sources */,
			);
			runOnlyForDeploymentPostprocessing = 0;
		};
		DC478EC8258B8B80008A2D13 /* Sources */ = {
			isa = PBXSourcesBuildPhase;
			buildActionMask = 2147483647;
			files = (
				DC478ED1258B8B80008A2D13 /* MomSitterWorkUITests.swift in Sources */,
			);
			runOnlyForDeploymentPostprocessing = 0;
		};
/* End PBXSourcesBuildPhase section */

/* Begin PBXTargetDependency section */
		DC478EC3258B8B80008A2D13 /* PBXTargetDependency */ = {
			isa = PBXTargetDependency;
			target = DC478EAA258B8B7F008A2D13 /* MomSitterWork */;
			targetProxy = DC478EC2258B8B80008A2D13 /* PBXContainerItemProxy */;
		};
		DC478ECE258B8B80008A2D13 /* PBXTargetDependency */ = {
			isa = PBXTargetDependency;
			target = DC478EAA258B8B7F008A2D13 /* MomSitterWork */;
			targetProxy = DC478ECD258B8B80008A2D13 /* PBXContainerItemProxy */;
		};
/* End PBXTargetDependency section */

/* Begin PBXVariantGroup section */
		DC478EB4258B8B7F008A2D13 /* Main.storyboard */ = {
			isa = PBXVariantGroup;
			children = (
				DC478EB5258B8B7F008A2D13 /* Base */,
			);
			name = Main.storyboard;
			sourceTree = "<group>";
		};
		DC478EB9258B8B80008A2D13 /* LaunchScreen.storyboard */ = {
			isa = PBXVariantGroup;
			children = (
				DC478EBA258B8B80008A2D13 /* Base */,
			);
			name = LaunchScreen.storyboard;
			sourceTree = "<group>";
		};
/* End PBXVariantGroup section */

/* Begin XCBuildConfiguration section */
		DC478ED3258B8B80008A2D13 /* Debug */ = {
			isa = XCBuildConfiguration;
			buildSettings = {
				ALWAYS_SEARCH_USER_PATHS = NO;
				CLANG_ANALYZER_NONNULL = YES;
				CLANG_ANALYZER_NUMBER_OBJECT_CONVERSION = YES_AGGRESSIVE;
				CLANG_CXX_LANGUAGE_STANDARD = "gnu++14";
				CLANG_CXX_LIBRARY = "libc++";
				CLANG_ENABLE_MODULES = YES;
				CLANG_ENABLE_OBJC_ARC = YES;
				CLANG_ENABLE_OBJC_WEAK = YES;
				CLANG_WARN_BLOCK_CAPTURE_AUTORELEASING = YES;
				CLANG_WARN_BOOL_CONVERSION = YES;
				CLANG_WARN_COMMA = YES;
				CLANG_WARN_CONSTANT_CONVERSION = YES;
				CLANG_WARN_DEPRECATED_OBJC_IMPLEMENTATIONS = YES;
				CLANG_WARN_DIRECT_OBJC_ISA_USAGE = YES_ERROR;
				CLANG_WARN_DOCUMENTATION_COMMENTS = YES;
				CLANG_WARN_EMPTY_BODY = YES;
				CLANG_WARN_ENUM_CONVERSION = YES;
				CLANG_WARN_INFINITE_RECURSION = YES;
				CLANG_WARN_INT_CONVERSION = YES;
				CLANG_WARN_NON_LITERAL_NULL_CONVERSION = YES;
				CLANG_WARN_OBJC_IMPLICIT_RETAIN_SELF = YES;
				CLANG_WARN_OBJC_LITERAL_CONVERSION = YES;
				CLANG_WARN_OBJC_ROOT_CLASS = YES_ERROR;
				CLANG_WARN_RANGE_LOOP_ANALYSIS = YES;
				CLANG_WARN_STRICT_PROTOTYPES = YES;
				CLANG_WARN_SUSPICIOUS_MOVE = YES;
				CLANG_WARN_UNGUARDED_AVAILABILITY = YES_AGGRESSIVE;
				CLANG_WARN_UNREACHABLE_CODE = YES;
				CLANG_WARN__DUPLICATE_METHOD_MATCH = YES;
				COPY_PHASE_STRIP = NO;
				DEBUG_INFORMATION_FORMAT = dwarf;
				ENABLE_STRICT_OBJC_MSGSEND = YES;
				ENABLE_TESTABILITY = YES;
				GCC_C_LANGUAGE_STANDARD = gnu11;
				GCC_DYNAMIC_NO_PIC = NO;
				GCC_NO_COMMON_BLOCKS = YES;
				GCC_OPTIMIZATION_LEVEL = 0;
				GCC_PREPROCESSOR_DEFINITIONS = (
					"DEBUG=1",
					"$(inherited)",
				);
				GCC_WARN_64_TO_32_BIT_CONVERSION = YES;
				GCC_WARN_ABOUT_RETURN_TYPE = YES_ERROR;
				GCC_WARN_UNDECLARED_SELECTOR = YES;
				GCC_WARN_UNINITIALIZED_AUTOS = YES_AGGRESSIVE;
				GCC_WARN_UNUSED_FUNCTION = YES;
				GCC_WARN_UNUSED_VARIABLE = YES;
				IPHONEOS_DEPLOYMENT_TARGET = 13.6;
				MTL_ENABLE_DEBUG_INFO = INCLUDE_SOURCE;
				MTL_FAST_MATH = YES;
				ONLY_ACTIVE_ARCH = YES;
				SDKROOT = iphoneos;
				SWIFT_ACTIVE_COMPILATION_CONDITIONS = DEBUG;
				SWIFT_OPTIMIZATION_LEVEL = "-Onone";
			};
			name = Debug;
		};
		DC478ED4258B8B80008A2D13 /* Release */ = {
			isa = XCBuildConfiguration;
			buildSettings = {
				ALWAYS_SEARCH_USER_PATHS = NO;
				CLANG_ANALYZER_NONNULL = YES;
				CLANG_ANALYZER_NUMBER_OBJECT_CONVERSION = YES_AGGRESSIVE;
				CLANG_CXX_LANGUAGE_STANDARD = "gnu++14";
				CLANG_CXX_LIBRARY = "libc++";
				CLANG_ENABLE_MODULES = YES;
				CLANG_ENABLE_OBJC_ARC = YES;
				CLANG_ENABLE_OBJC_WEAK = YES;
				CLANG_WARN_BLOCK_CAPTURE_AUTORELEASING = YES;
				CLANG_WARN_BOOL_CONVERSION = YES;
				CLANG_WARN_COMMA = YES;
				CLANG_WARN_CONSTANT_CONVERSION = YES;
				CLANG_WARN_DEPRECATED_OBJC_IMPLEMENTATIONS = YES;
				CLANG_WARN_DIRECT_OBJC_ISA_USAGE = YES_ERROR;
				CLANG_WARN_DOCUMENTATION_COMMENTS = YES;
				CLANG_WARN_EMPTY_BODY = YES;
				CLANG_WARN_ENUM_CONVERSION = YES;
				CLANG_WARN_INFINITE_RECURSION = YES;
				CLANG_WARN_INT_CONVERSION = YES;
				CLANG_WARN_NON_LITERAL_NULL_CONVERSION = YES;
				CLANG_WARN_OBJC_IMPLICIT_RETAIN_SELF = YES;
				CLANG_WARN_OBJC_LITERAL_CONVERSION = YES;
				CLANG_WARN_OBJC_ROOT_CLASS = YES_ERROR;
				CLANG_WARN_RANGE_LOOP_ANALYSIS = YES;
				CLANG_WARN_STRICT_PROTOTYPES = YES;
				CLANG_WARN_SUSPICIOUS_MOVE = YES;
				CLANG_WARN_UNGUARDED_AVAILABILITY = YES_AGGRESSIVE;
				CLANG_WARN_UNREACHABLE_CODE = YES;
				CLANG_WARN__DUPLICATE_METHOD_MATCH = YES;
				COPY_PHASE_STRIP = NO;
				DEBUG_INFORMATION_FORMAT = "dwarf-with-dsym";
				ENABLE_NS_ASSERTIONS = NO;
				ENABLE_STRICT_OBJC_MSGSEND = YES;
				GCC_C_LANGUAGE_STANDARD = gnu11;
				GCC_NO_COMMON_BLOCKS = YES;
				GCC_WARN_64_TO_32_BIT_CONVERSION = YES;
				GCC_WARN_ABOUT_RETURN_TYPE = YES_ERROR;
				GCC_WARN_UNDECLARED_SELECTOR = YES;
				GCC_WARN_UNINITIALIZED_AUTOS = YES_AGGRESSIVE;
				GCC_WARN_UNUSED_FUNCTION = YES;
				GCC_WARN_UNUSED_VARIABLE = YES;
				IPHONEOS_DEPLOYMENT_TARGET = 13.6;
				MTL_ENABLE_DEBUG_INFO = NO;
				MTL_FAST_MATH = YES;
				SDKROOT = iphoneos;
				SWIFT_COMPILATION_MODE = wholemodule;
				SWIFT_OPTIMIZATION_LEVEL = "-O";
				VALIDATE_PRODUCT = YES;
			};
			name = Release;
		};
		DC478ED6258B8B80008A2D13 /* Debug */ = {
			isa = XCBuildConfiguration;
			baseConfigurationReference = C8693DEB6FDF4E1C07250AE5 /* Pods-MomSitterWork.debug.xcconfig */;
			buildSettings = {
				ASSETCATALOG_COMPILER_APPICON_NAME = AppIcon;
				CODE_SIGN_STYLE = Automatic;
				DEVELOPMENT_TEAM = 2559X825A8;
				INFOPLIST_FILE = MomSitterWork/Info.plist;
				IPHONEOS_DEPLOYMENT_TARGET = 12.0;
				LD_RUNPATH_SEARCH_PATHS = (
					"$(inherited)",
					"@executable_path/Frameworks",
				);
				PRODUCT_BUNDLE_IDENTIFIER = com.Destiny.MomSitterWork;
				PRODUCT_NAME = "$(TARGET_NAME)";
				SWIFT_VERSION = 5.0;
				TARGETED_DEVICE_FAMILY = 1;
			};
			name = Debug;
		};
		DC478ED7258B8B80008A2D13 /* Release */ = {
			isa = XCBuildConfiguration;
			baseConfigurationReference = 4F4422877B47D66C9EAC554F /* Pods-MomSitterWork.release.xcconfig */;
			buildSettings = {
				ASSETCATALOG_COMPILER_APPICON_NAME = AppIcon;
				CODE_SIGN_STYLE = Automatic;
				DEVELOPMENT_TEAM = 2559X825A8;
				INFOPLIST_FILE = MomSitterWork/Info.plist;
				IPHONEOS_DEPLOYMENT_TARGET = 12.0;
				LD_RUNPATH_SEARCH_PATHS = (
					"$(inherited)",
					"@executable_path/Frameworks",
				);
				PRODUCT_BUNDLE_IDENTIFIER = com.Destiny.MomSitterWork;
				PRODUCT_NAME = "$(TARGET_NAME)";
				SWIFT_VERSION = 5.0;
				TARGETED_DEVICE_FAMILY = 1;
			};
			name = Release;
		};
		DC478ED9258B8B80008A2D13 /* Debug */ = {
			isa = XCBuildConfiguration;
			buildSettings = {
				ALWAYS_EMBED_SWIFT_STANDARD_LIBRARIES = YES;
				BUNDLE_LOADER = "$(TEST_HOST)";
				CODE_SIGN_STYLE = Automatic;
				DEVELOPMENT_TEAM = 2559X825A8;
				INFOPLIST_FILE = MomSitterWorkTests/Info.plist;
				IPHONEOS_DEPLOYMENT_TARGET = 13.6;
				LD_RUNPATH_SEARCH_PATHS = (
					"$(inherited)",
					"@executable_path/Frameworks",
					"@loader_path/Frameworks",
				);
				PRODUCT_BUNDLE_IDENTIFIER = com.Destiny.MomSitterWorkTests;
				PRODUCT_NAME = "$(TARGET_NAME)";
				SWIFT_VERSION = 5.0;
				TARGETED_DEVICE_FAMILY = "1,2";
				TEST_HOST = "$(BUILT_PRODUCTS_DIR)/MomSitterWork.app/MomSitterWork";
			};
			name = Debug;
		};
		DC478EDA258B8B80008A2D13 /* Release */ = {
			isa = XCBuildConfiguration;
			buildSettings = {
				ALWAYS_EMBED_SWIFT_STANDARD_LIBRARIES = YES;
				BUNDLE_LOADER = "$(TEST_HOST)";
				CODE_SIGN_STYLE = Automatic;
				DEVELOPMENT_TEAM = 2559X825A8;
				INFOPLIST_FILE = MomSitterWorkTests/Info.plist;
				IPHONEOS_DEPLOYMENT_TARGET = 13.6;
				LD_RUNPATH_SEARCH_PATHS = (
					"$(inherited)",
					"@executable_path/Frameworks",
					"@loader_path/Frameworks",
				);
				PRODUCT_BUNDLE_IDENTIFIER = com.Destiny.MomSitterWorkTests;
				PRODUCT_NAME = "$(TARGET_NAME)";
				SWIFT_VERSION = 5.0;
				TARGETED_DEVICE_FAMILY = "1,2";
				TEST_HOST = "$(BUILT_PRODUCTS_DIR)/MomSitterWork.app/MomSitterWork";
			};
			name = Release;
		};
		DC478EDC258B8B80008A2D13 /* Debug */ = {
			isa = XCBuildConfiguration;
			buildSettings = {
				ALWAYS_EMBED_SWIFT_STANDARD_LIBRARIES = YES;
				CODE_SIGN_STYLE = Automatic;
				DEVELOPMENT_TEAM = 2559X825A8;
				INFOPLIST_FILE = MomSitterWorkUITests/Info.plist;
				LD_RUNPATH_SEARCH_PATHS = (
					"$(inherited)",
					"@executable_path/Frameworks",
					"@loader_path/Frameworks",
				);
				PRODUCT_BUNDLE_IDENTIFIER = com.Destiny.MomSitterWorkUITests;
				PRODUCT_NAME = "$(TARGET_NAME)";
				SWIFT_VERSION = 5.0;
				TARGETED_DEVICE_FAMILY = "1,2";
				TEST_TARGET_NAME = MomSitterWork;
			};
			name = Debug;
		};
		DC478EDD258B8B80008A2D13 /* Release */ = {
			isa = XCBuildConfiguration;
			buildSettings = {
				ALWAYS_EMBED_SWIFT_STANDARD_LIBRARIES = YES;
				CODE_SIGN_STYLE = Automatic;
				DEVELOPMENT_TEAM = 2559X825A8;
				INFOPLIST_FILE = MomSitterWorkUITests/Info.plist;
				LD_RUNPATH_SEARCH_PATHS = (
					"$(inherited)",
					"@executable_path/Frameworks",
					"@loader_path/Frameworks",
				);
				PRODUCT_BUNDLE_IDENTIFIER = com.Destiny.MomSitterWorkUITests;
				PRODUCT_NAME = "$(TARGET_NAME)";
				SWIFT_VERSION = 5.0;
				TARGETED_DEVICE_FAMILY = "1,2";
				TEST_TARGET_NAME = MomSitterWork;
			};
			name = Release;
		};
/* End XCBuildConfiguration section */

/* Begin XCConfigurationList section */
		DC478EA6258B8B7F008A2D13 /* Build configuration list for PBXProject "MomSitterWork" */ = {
			isa = XCConfigurationList;
			buildConfigurations = (
				DC478ED3258B8B80008A2D13 /* Debug */,
				DC478ED4258B8B80008A2D13 /* Release */,
			);
			defaultConfigurationIsVisible = 0;
			defaultConfigurationName = Release;
		};
		DC478ED5258B8B80008A2D13 /* Build configuration list for PBXNativeTarget "MomSitterWork" */ = {
			isa = XCConfigurationList;
			buildConfigurations = (
				DC478ED6258B8B80008A2D13 /* Debug */,
				DC478ED7258B8B80008A2D13 /* Release */,
			);
			defaultConfigurationIsVisible = 0;
			defaultConfigurationName = Release;
		};
		DC478ED8258B8B80008A2D13 /* Build configuration list for PBXNativeTarget "MomSitterWorkTests" */ = {
			isa = XCConfigurationList;
			buildConfigurations = (
				DC478ED9258B8B80008A2D13 /* Debug */,
				DC478EDA258B8B80008A2D13 /* Release */,
			);
			defaultConfigurationIsVisible = 0;
			defaultConfigurationName = Release;
		};
		DC478EDB258B8B80008A2D13 /* Build configuration list for PBXNativeTarget "MomSitterWorkUITests" */ = {
			isa = XCConfigurationList;
			buildConfigurations = (
				DC478EDC258B8B80008A2D13 /* Debug */,
				DC478EDD258B8B80008A2D13 /* Release */,
			);
			defaultConfigurationIsVisible = 0;
			defaultConfigurationName = Release;
		};
/* End XCConfigurationList section */
	};
	rootObject = DC478EA3258B8B7F008A2D13 /* Project object */;
}
